// !$*UTF8*$!
{
	archiveVersion = 1;
	classes = {
	};
	objectVersion = 56;
	objects = {

/* Begin PBXBuildFile section */
		C9114D242E90B80E006F4D90 /* LaunchScreen.swift in Sources */ = {isa = PBXBuildFile; fileRef = C9114D222E90B80E006F4D90 /* LaunchScreen.swift */; };
		C9114D252E90B80E006F4D90 /* PrivacyInfo.xcprivacy in Resources */ = {isa = PBXBuildFile; fileRef = C9114D232E90B80E006F4D90 /* PrivacyInfo.xcprivacy */; };
		C914F0B929A3065700D20C02 /* maps.swift in Sources */ = {isa = PBXBuildFile; fileRef = C914F0B829A3065700D20C02 /* maps.swift */; };
		C914F0BC29A4315900D20C02 /* ARView.swift in Sources */ = {isa = PBXBuildFile; fileRef = C914F0BB29A4315900D20C02 /* ARView.swift */; };
		C9A6CFE3296BC52900093D3C /* AppDelegate.swift in Sources */ = {isa = PBXBuildFile; fileRef = C9A6CFE2296BC52900093D3C /* AppDelegate.swift */; };
		C9A6CFE5296BC52900093D3C /* ContentView.swift in Sources */ = {isa = PBXBuildFile; fileRef = C9A6CFE4296BC52900093D3C /* ContentView.swift */; };
		C9A6CFE7296BC52900093D3C /* Experience.rcproject in Sources */ = {isa = PBXBuildFile; fileRef = C9A6CFE6296BC52900093D3C /* Experience.rcproject */; };
		C9A6CFE9296BC52B00093D3C /* Assets.xcassets in Resources */ = {isa = PBXBuildFile; fileRef = C9A6CFE8296BC52B00093D3C /* Assets.xcassets */; };
		C9A6CFEC296BC52B00093D3C /* Preview Assets.xcassets in Resources */ = {isa = PBXBuildFile; fileRef = C9A6CFEB296BC52B00093D3C /* Preview Assets.xcassets */; };
		C9A6CFF6296BC52B00093D3C /* beaconTests.swift in Sources */ = {isa = PBXBuildFile; fileRef = C9A6CFF5296BC52B00093D3C /* beaconTests.swift */; };
		C9A6D000296BC52B00093D3C /* beaconUITests.swift in Sources */ = {isa = PBXBuildFile; fileRef = C9A6CFFF296BC52B00093D3C /* beaconUITests.swift */; };
		C9A6D002296BC52B00093D3C /* beaconUITestsLaunchTests.swift in Sources */ = {isa = PBXBuildFile; fileRef = C9A6D001296BC52B00093D3C /* beaconUITestsLaunchTests.swift */; };
/* End PBXBuildFile section */

/* Begin PBXContainerItemProxy section */
		C9A6CFF2296BC52B00093D3C /* PBXContainerItemProxy */ = {
			isa = PBXContainerItemProxy;
			containerPortal = C9A6CFD7296BC52900093D3C /* Project object */;
			proxyType = 1;
			remoteGlobalIDString = C9A6CFDE296BC52900093D3C;
			remoteInfo = beacon;
		};
		C9A6CFFC296BC52B00093D3C /* PBXContainerItemProxy */ = {
			isa = PBXContainerItemProxy;
			containerPortal = C9A6CFD7296BC52900093D3C /* Project object */;
			proxyType = 1;
			remoteGlobalIDString = C9A6CFDE296BC52900093D3C;
			remoteInfo = beacon;
		};
/* End PBXContainerItemProxy section */

/* Begin PBXFileReference section */
		C9114D222E90B80E006F4D90 /* LaunchScreen.swift */ = {isa = PBXFileReference; lastKnownFileType = sourcecode.swift; path = LaunchScreen.swift; sourceTree = "<group>"; };
		C9114D232E90B80E006F4D90 /* PrivacyInfo.xcprivacy */ = {isa = PBXFileReference; lastKnownFileType = text.xml; path = PrivacyInfo.xcprivacy; sourceTree = "<group>"; };
		C914F0B829A3065700D20C02 /* maps.swift */ = {isa = PBXFileReference; lastKnownFileType = sourcecode.swift; path = maps.swift; sourceTree = "<group>"; };
		C914F0BB29A4315900D20C02 /* ARView.swift */ = {isa = PBXFileReference; lastKnownFileType = sourcecode.swift; path = ARView.swift; sourceTree = "<group>"; };
		C9A6CFDF296BC52900093D3C /* beacon.app */ = {isa = PBXFileReference; explicitFileType = wrapper.application; includeInIndex = 0; path = beacon.app; sourceTree = BUILT_PRODUCTS_DIR; };
		C9A6CFE2296BC52900093D3C /* AppDelegate.swift */ = {isa = PBXFileReference; lastKnownFileType = sourcecode.swift; path = AppDelegate.swift; sourceTree = "<group>"; };
		C9A6CFE4296BC52900093D3C /* ContentView.swift */ = {isa = PBXFileReference; lastKnownFileType = sourcecode.swift; path = ContentView.swift; sourceTree = "<group>"; };
		C9A6CFE6296BC52900093D3C /* Experience.rcproject */ = {isa = PBXFileReference; lastKnownFileType = file.rcproject; path = Experience.rcproject; sourceTree = "<group>"; };
		C9A6CFE8296BC52B00093D3C /* Assets.xcassets */ = {isa = PBXFileReference; lastKnownFileType = folder.assetcatalog; path = Assets.xcassets; sourceTree = "<group>"; };
		C9A6CFEB296BC52B00093D3C /* Preview Assets.xcassets */ = {isa = PBXFileReference; lastKnownFileType = folder.assetcatalog; path = "Preview Assets.xcassets"; sourceTree = "<group>"; };
		C9A6CFF1296BC52B00093D3C /* beaconTests.xctest */ = {isa = PBXFileReference; explicitFileType = wrapper.cfbundle; includeInIndex = 0; path = beaconTests.xctest; sourceTree = BUILT_PRODUCTS_DIR; };
		C9A6CFF5296BC52B00093D3C /* beaconTests.swift */ = {isa = PBXFileReference; lastKnownFileType = sourcecode.swift; path = beaconTests.swift; sourceTree = "<group>"; };
		C9A6CFFB296BC52B00093D3C /* beaconUITests.xctest */ = {isa = PBXFileReference; explicitFileType = wrapper.cfbundle; includeInIndex = 0; path = beaconUITests.xctest; sourceTree = BUILT_PRODUCTS_DIR; };
		C9A6CFFF296BC52B00093D3C /* beaconUITests.swift */ = {isa = PBXFileReference; lastKnownFileType = sourcecode.swift; path = beaconUITests.swift; sourceTree = "<group>"; };
		C9A6D001296BC52B00093D3C /* beaconUITestsLaunchTests.swift */ = {isa = PBXFileReference; lastKnownFileType = sourcecode.swift; path = beaconUITestsLaunchTests.swift; sourceTree = "<group>"; };
/* End PBXFileReference section */

/* Begin PBXFrameworksBuildPhase section */
		C9A6CFDC296BC52900093D3C /* Frameworks */ = {
			isa = PBXFrameworksBuildPhase;
			buildActionMask = 2147483647;
			files = (
			);
			runOnlyForDeploymentPostprocessing = 0;
		};
		C9A6CFEE296BC52B00093D3C /* Frameworks */ = {
			isa = PBXFrameworksBuildPhase;
			buildActionMask = 2147483647;
			files = (
			);
			runOnlyForDeploymentPostprocessing = 0;
		};
		C9A6CFF8296BC52B00093D3C /* Frameworks */ = {
			isa = PBXFrameworksBuildPhase;
			buildActionMask = 2147483647;
			files = (
			);
			runOnlyForDeploymentPostprocessing = 0;
		};
/* End PBXFrameworksBuildPhase section */

/* Begin PBXGroup section */
		C914F0B729A3063C00D20C02 /* MapView */ = {
			isa = PBXGroup;
			children = (
				C914F0B829A3065700D20C02 /* maps.swift */,
			);
			path = MapView;
			sourceTree = "<group>";
		};
		C914F0BA29A4313D00D20C02 /* ArView */ = {
			isa = PBXGroup;
			children = (
				C914F0BB29A4315900D20C02 /* ARView.swift */,
			);
			path = ArView;
			sourceTree = "<group>";
		};
		C9A6CFD6296BC52900093D3C = {
			isa = PBXGroup;
			children = (
				C9A6CFE1296BC52900093D3C /* beacon */,
				C9A6CFF4296BC52B00093D3C /* beaconTests */,
				C9A6CFFE296BC52B00093D3C /* beaconUITests */,
				C9A6CFE0296BC52900093D3C /* Products */,
			);
			sourceTree = "<group>";
		};
		C9A6CFE0296BC52900093D3C /* Products */ = {
			isa = PBXGroup;
			children = (
				C9A6CFDF296BC52900093D3C /* beacon.app */,
				C9A6CFF1296BC52B00093D3C /* beaconTests.xctest */,
				C9A6CFFB296BC52B00093D3C /* beaconUITests.xctest */,
			);
			name = Products;
			sourceTree = "<group>";
		};
		C9A6CFE1296BC52900093D3C /* beacon */ = {
			isa = PBXGroup;
			children = (
				C9114D222E90B80E006F4D90 /* LaunchScreen.swift */,
				C9114D232E90B80E006F4D90 /* PrivacyInfo.xcprivacy */,
				C914F0BA29A4313D00D20C02 /* ArView */,
				C914F0B729A3063C00D20C02 /* MapView */,
				C9A6CFE2296BC52900093D3C /* AppDelegate.swift */,
				C9A6CFE4296BC52900093D3C /* ContentView.swift */,
				C9A6CFE6296BC52900093D3C /* Experience.rcproject */,
				C9A6CFE8296BC52B00093D3C /* Assets.xcassets */,
				C9A6CFEA296BC52B00093D3C /* Preview Content */,
			);
			path = beacon;
			sourceTree = "<group>";
		};
		C9A6CFEA296BC52B00093D3C /* Preview Content */ = {
			isa = PBXGroup;
			children = (
				C9A6CFEB296BC52B00093D3C /* Preview Assets.xcassets */,
			);
			path = "Preview Content";
			sourceTree = "<group>";
		};
		C9A6CFF4296BC52B00093D3C /* beaconTests */ = {
			isa = PBXGroup;
			children = (
				C9A6CFF5296BC52B00093D3C /* beaconTests.swift */,
			);
			path = beaconTests;
			sourceTree = "<group>";
		};
		C9A6CFFE296BC52B00093D3C /* beaconUITests */ = {
			isa = PBXGroup;
			children = (
				C9A6CFFF296BC52B00093D3C /* beaconUITests.swift */,
				C9A6D001296BC52B00093D3C /* beaconUITestsLaunchTests.swift */,
			);
			path = beaconUITests;
			sourceTree = "<group>";
		};
/* End PBXGroup section */

/* Begin PBXNativeTarget section */
		C9A6CFDE296BC52900093D3C /* beacon */ = {
			isa = PBXNativeTarget;
			buildConfigurationList = C9A6D005296BC52B00093D3C /* Build configuration list for PBXNativeTarget "beacon" */;
			buildPhases = (
				C9A6CFDB296BC52900093D3C /* Sources */,
				C9A6CFDC296BC52900093D3C /* Frameworks */,
				C9A6CFDD296BC52900093D3C /* Resources */,
			);
			buildRules = (
			);
			dependencies = (
			);
			name = beacon;
			productName = beacon;
			productReference = C9A6CFDF296BC52900093D3C /* beacon.app */;
			productType = "com.apple.product-type.application";
		};
		C9A6CFF0296BC52B00093D3C /* beaconTests */ = {
			isa = PBXNativeTarget;
			buildConfigurationList = C9A6D008296BC52B00093D3C /* Build configuration list for PBXNativeTarget "beaconTests" */;
			buildPhases = (
				C9A6CFED296BC52B00093D3C /* Sources */,
				C9A6CFEE296BC52B00093D3C /* Frameworks */,
				C9A6CFEF296BC52B00093D3C /* Resources */,
			);
			buildRules = (
			);
			dependencies = (
				C9A6CFF3296BC52B00093D3C /* PBXTargetDependency */,
			);
			name = beaconTests;
			productName = beaconTests;
			productReference = C9A6CFF1296BC52B00093D3C /* beaconTests.xctest */;
			productType = "com.apple.product-type.bundle.unit-test";
		};
		C9A6CFFA296BC52B00093D3C /* beaconUITests */ = {
			isa = PBXNativeTarget;
			buildConfigurationList = C9A6D00B296BC52B00093D3C /* Build configuration list for PBXNativeTarget "beaconUITests" */;
			buildPhases = (
				C9A6CFF7296BC52B00093D3C /* Sources */,
				C9A6CFF8296BC52B00093D3C /* Frameworks */,
				C9A6CFF9296BC52B00093D3C /* Resources */,
			);
			buildRules = (
			);
			dependencies = (
				C9A6CFFD296BC52B00093D3C /* PBXTargetDependency */,
			);
			name = beaconUITests;
			productName = beaconUITests;
			productReference = C9A6CFFB296BC52B00093D3C /* beaconUITests.xctest */;
			productType = "com.apple.product-type.bundle.ui-testing";
		};
/* End PBXNativeTarget section */

/* Begin PBXProject section */
		C9A6CFD7296BC52900093D3C /* Project object */ = {
			isa = PBXProject;
			attributes = {
				BuildIndependentTargetsInParallel = 1;
				LastSwiftUpdateCheck = 1420;
				LastUpgradeCheck = 1610;
				TargetAttributes = {
					C9A6CFDE296BC52900093D3C = {
						CreatedOnToolsVersion = 14.2;
					};
					C9A6CFF0296BC52B00093D3C = {
						CreatedOnToolsVersion = 14.2;
						TestTargetID = C9A6CFDE296BC52900093D3C;
					};
					C9A6CFFA296BC52B00093D3C = {
						CreatedOnToolsVersion = 14.2;
						TestTargetID = C9A6CFDE296BC52900093D3C;
					};
				};
			};
			buildConfigurationList = C9A6CFDA296BC52900093D3C /* Build configuration list for PBXProject "beacon" */;
			compatibilityVersion = "Xcode 14.0";
			developmentRegion = en;
			hasScannedForEncodings = 0;
			knownRegions = (
				en,
				Base,
			);
			mainGroup = C9A6CFD6296BC52900093D3C;
			productRefGroup = C9A6CFE0296BC52900093D3C /* Products */;
			projectDirPath = "";
			projectRoot = "";
			targets = (
				C9A6CFDE296BC52900093D3C /* beacon */,
				C9A6CFF0296BC52B00093D3C /* beaconTests */,
				C9A6CFFA296BC52B00093D3C /* beaconUITests */,
			);
		};
/* End PBXProject section */

/* Begin PBXResourcesBuildPhase section */
		C9A6CFDD296BC52900093D3C /* Resources */ = {
			isa = PBXResourcesBuildPhase;
			buildActionMask = 2147483647;
			files = (
				C9114D252E90B80E006F4D90 /* PrivacyInfo.xcprivacy in Resources */,
				C9A6CFEC296BC52B00093D3C /* Preview Assets.xcassets in Resources */,
				C9A6CFE9296BC52B00093D3C /* Assets.xcassets in Resources */,
			);
			runOnlyForDeploymentPostprocessing = 0;
		};
		C9A6CFEF296BC52B00093D3C /* Resources */ = {
			isa = PBXResourcesBuildPhase;
			buildActionMask = 2147483647;
			files = (
			);
			runOnlyForDeploymentPostprocessing = 0;
		};
		C9A6CFF9296BC52B00093D3C /* Resources */ = {
			isa = PBXResourcesBuildPhase;
			buildActionMask = 2147483647;
			files = (
			);
			runOnlyForDeploymentPostprocessing = 0;
		};
/* End PBXResourcesBuildPhase section */

/* Begin PBXSourcesBuildPhase section */
		C9A6CFDB296BC52900093D3C /* Sources */ = {
			isa = PBXSourcesBuildPhase;
			buildActionMask = 2147483647;
			files = (
				C914F0BC29A4315900D20C02 /* ARView.swift in Sources */,
				C9A6CFE5296BC52900093D3C /* ContentView.swift in Sources */,
				C9114D242E90B80E006F4D90 /* LaunchScreen.swift in Sources */,
				C9A6CFE3296BC52900093D3C /* AppDelegate.swift in Sources */,
				C914F0B929A3065700D20C02 /* maps.swift in Sources */,
				C9A6CFE7296BC52900093D3C /* Experience.rcproject in Sources */,
			);
			runOnlyForDeploymentPostprocessing = 0;
		};
		C9A6CFED296BC52B00093D3C /* Sources */ = {
			isa = PBXSourcesBuildPhase;
			buildActionMask = 2147483647;
			files = (
				C9A6CFF6296BC52B00093D3C /* beaconTests.swift in Sources */,
			);
			runOnlyForDeploymentPostprocessing = 0;
		};
		C9A6CFF7296BC52B00093D3C /* Sources */ = {
			isa = PBXSourcesBuildPhase;
			buildActionMask = 2147483647;
			files = (
				C9A6D002296BC52B00093D3C /* beaconUITestsLaunchTests.swift in Sources */,
				C9A6D000296BC52B00093D3C /* beaconUITests.swift in Sources */,
			);
			runOnlyForDeploymentPostprocessing = 0;
		};
/* End PBXSourcesBuildPhase section */

/* Begin PBXTargetDependency section */
		C9A6CFF3296BC52B00093D3C /* PBXTargetDependency */ = {
			isa = PBXTargetDependency;
			target = C9A6CFDE296BC52900093D3C /* beacon */;
			targetProxy = C9A6CFF2296BC52B00093D3C /* PBXContainerItemProxy */;
		};
		C9A6CFFD296BC52B00093D3C /* PBXTargetDependency */ = {
			isa = PBXTargetDependency;
			target = C9A6CFDE296BC52900093D3C /* beacon */;
			targetProxy = C9A6CFFC296BC52B00093D3C /* PBXContainerItemProxy */;
		};
/* End PBXTargetDependency section */

/* Begin XCBuildConfiguration section */
		C9A6D003296BC52B00093D3C /* Debug */ = {
			isa = XCBuildConfiguration;
			buildSettings = {
				ALWAYS_SEARCH_USER_PATHS = NO;
				CLANG_ANALYZER_NONNULL = YES;
				CLANG_ANALYZER_NUMBER_OBJECT_CONVERSION = YES_AGGRESSIVE;
				CLANG_CXX_LANGUAGE_STANDARD = "gnu++20";
				CLANG_ENABLE_MODULES = YES;
				CLANG_ENABLE_OBJC_ARC = YES;
				CLANG_ENABLE_OBJC_WEAK = YES;
				CLANG_WARN_BLOCK_CAPTURE_AUTORELEASING = YES;
				CLANG_WARN_BOOL_CONVERSION = YES;
				CLANG_WARN_COMMA = YES;
				CLANG_WARN_CONSTANT_CONVERSION = YES;
				CLANG_WARN_DEPRECATED_OBJC_IMPLEMENTATIONS = YES;
				CLANG_WARN_DIRECT_OBJC_ISA_USAGE = YES_ERROR;
				CLANG_WARN_DOCUMENTATION_COMMENTS = YES;
				CLANG_WARN_EMPTY_BODY = YES;
				CLANG_WARN_ENUM_CONVERSION = YES;
				CLANG_WARN_INFINITE_RECURSION = YES;
				CLANG_WARN_INT_CONVERSION = YES;
				CLANG_WARN_NON_LITERAL_NULL_CONVERSION = YES;
				CLANG_WARN_OBJC_IMPLICIT_RETAIN_SELF = YES;
				CLANG_WARN_OBJC_LITERAL_CONVERSION = YES;
				CLANG_WARN_OBJC_ROOT_CLASS = YES_ERROR;
				CLANG_WARN_QUOTED_INCLUDE_IN_FRAMEWORK_HEADER = YES;
				CLANG_WARN_RANGE_LOOP_ANALYSIS = YES;
				CLANG_WARN_STRICT_PROTOTYPES = YES;
				CLANG_WARN_SUSPICIOUS_MOVE = YES;
				CLANG_WARN_UNGUARDED_AVAILABILITY = YES_AGGRESSIVE;
				CLANG_WARN_UNREACHABLE_CODE = YES;
				CLANG_WARN__DUPLICATE_METHOD_MATCH = YES;
				COPY_PHASE_STRIP = NO;
				DEBUG_INFORMATION_FORMAT = dwarf;
				ENABLE_STRICT_OBJC_MSGSEND = YES;
				ENABLE_TESTABILITY = YES;
				ENABLE_USER_SCRIPT_SANDBOXING = YES;
				GCC_C_LANGUAGE_STANDARD = gnu11;
				GCC_DYNAMIC_NO_PIC = NO;
				GCC_NO_COMMON_BLOCKS = YES;
				GCC_OPTIMIZATION_LEVEL = 0;
				GCC_PREPROCESSOR_DEFINITIONS = (
					"DEBUG=1",
					"$(inherited)",
				);
				GCC_WARN_64_TO_32_BIT_CONVERSION = YES;
				GCC_WARN_ABOUT_RETURN_TYPE = YES_ERROR;
				GCC_WARN_UNDECLARED_SELECTOR = YES;
				GCC_WARN_UNINITIALIZED_AUTOS = YES_AGGRESSIVE;
				GCC_WARN_UNUSED_FUNCTION = YES;
				GCC_WARN_UNUSED_VARIABLE = YES;
				IPHONEOS_DEPLOYMENT_TARGET = 18.0;
				MTL_ENABLE_DEBUG_INFO = INCLUDE_SOURCE;
				MTL_FAST_MATH = YES;
				ONLY_ACTIVE_ARCH = YES;
				SDKROOT = iphoneos;
				SWIFT_ACTIVE_COMPILATION_CONDITIONS = DEBUG;
				SWIFT_OPTIMIZATION_LEVEL = "-Onone";
			};
			name = Debug;
		};
		C9A6D004296BC52B00093D3C /* Release */ = {
			isa = XCBuildConfiguration;
			buildSettings = {
				ALWAYS_SEARCH_USER_PATHS = NO;
				CLANG_ANALYZER_NONNULL = YES;
				CLANG_ANALYZER_NUMBER_OBJECT_CONVERSION = YES_AGGRESSIVE;
				CLANG_CXX_LANGUAGE_STANDARD = "gnu++20";
				CLANG_ENABLE_MODULES = YES;
				CLANG_ENABLE_OBJC_ARC = YES;
				CLANG_ENABLE_OBJC_WEAK = YES;
				CLANG_WARN_BLOCK_CAPTURE_AUTORELEASING = YES;
				CLANG_WARN_BOOL_CONVERSION = YES;
				CLANG_WARN_COMMA = YES;
				CLANG_WARN_CONSTANT_CONVERSION = YES;
				CLANG_WARN_DEPRECATED_OBJC_IMPLEMENTATIONS = YES;
				CLANG_WARN_DIRECT_OBJC_ISA_USAGE = YES_ERROR;
				CLANG_WARN_DOCUMENTATION_COMMENTS = YES;
				CLANG_WARN_EMPTY_BODY = YES;
				CLANG_WARN_ENUM_CONVERSION = YES;
				CLANG_WARN_INFINITE_RECURSION = YES;
				CLANG_WARN_INT_CONVERSION = YES;
				CLANG_WARN_NON_LITERAL_NULL_CONVERSION = YES;
				CLANG_WARN_OBJC_IMPLICIT_RETAIN_SELF = YES;
				CLANG_WARN_OBJC_LITERAL_CONVERSION = YES;
				CLANG_WARN_OBJC_ROOT_CLASS = YES_ERROR;
				CLANG_WARN_QUOTED_INCLUDE_IN_FRAMEWORK_HEADER = YES;
				CLANG_WARN_RANGE_LOOP_ANALYSIS = YES;
				CLANG_WARN_STRICT_PROTOTYPES = YES;
				CLANG_WARN_SUSPICIOUS_MOVE = YES;
				CLANG_WARN_UNGUARDED_AVAILABILITY = YES_AGGRESSIVE;
				CLANG_WARN_UNREACHABLE_CODE = YES;
				CLANG_WARN__DUPLICATE_METHOD_MATCH = YES;
				COPY_PHASE_STRIP = NO;
				DEBUG_INFORMATION_FORMAT = "dwarf-with-dsym";
				ENABLE_NS_ASSERTIONS = NO;
				ENABLE_STRICT_OBJC_MSGSEND = YES;
				ENABLE_USER_SCRIPT_SANDBOXING = YES;
				GCC_C_LANGUAGE_STANDARD = gnu11;
				GCC_NO_COMMON_BLOCKS = YES;
				GCC_WARN_64_TO_32_BIT_CONVERSION = YES;
				GCC_WARN_ABOUT_RETURN_TYPE = YES_ERROR;
				GCC_WARN_UNDECLARED_SELECTOR = YES;
				GCC_WARN_UNINITIALIZED_AUTOS = YES_AGGRESSIVE;
				GCC_WARN_UNUSED_FUNCTION = YES;
				GCC_WARN_UNUSED_VARIABLE = YES;
				IPHONEOS_DEPLOYMENT_TARGET = 18.0;
				MTL_ENABLE_DEBUG_INFO = NO;
				MTL_FAST_MATH = YES;
				SDKROOT = iphoneos;
				SWIFT_COMPILATION_MODE = wholemodule;
				SWIFT_OPTIMIZATION_LEVEL = "-O";
				VALIDATE_PRODUCT = YES;
			};
			name = Release;
		};
		C9A6D006296BC52B00093D3C /* Debug */ = {
			isa = XCBuildConfiguration;
			buildSettings = {
				ASSETCATALOG_COMPILER_APPICON_NAME = AppIcon;
				ASSETCATALOG_COMPILER_GLOBAL_ACCENT_COLOR_NAME = AccentColor;
				CODE_SIGN_STYLE = Automatic;
				CURRENT_PROJECT_VERSION = 1;
				DEVELOPMENT_ASSET_PATHS = "\"beacon/Preview Content\"";
				DEVELOPMENT_TEAM = C8F6CM66KF;
				ENABLE_PREVIEWS = YES;
				GENERATE_INFOPLIST_FILE = YES;
				INFOPLIST_KEY_CFBundleDisplayName = "Beacon AR Navigator";
				INFOPLIST_KEY_NSCameraUsageDescription = "Beacon AR Navigator uses the camera to display augmented reality views showing the direction and distance to your selected destination.";
				INFOPLIST_KEY_NSLocationWhenInUseUsageDescription = "Beacon AR Navigator needs your location to calculate the distance and direction to your destination and to show your position on the map.";
				INFOPLIST_KEY_UIApplicationSupportsIndirectInputEvents = YES;
				INFOPLIST_KEY_UILaunchScreen_Generation = YES;
				INFOPLIST_KEY_UIRequiredDeviceCapabilities = arkit;
				INFOPLIST_KEY_UIStatusBarHidden = YES;
				INFOPLIST_KEY_UISupportedInterfaceOrientations_iPad = "UIInterfaceOrientationPortrait UIInterfaceOrientationPortraitUpsideDown UIInterfaceOrientationLandscapeLeft UIInterfaceOrientationLandscapeRight";
				INFOPLIST_KEY_UISupportedInterfaceOrientations_iPhone = "UIInterfaceOrientationPortrait UIInterfaceOrientationLandscapeLeft UIInterfaceOrientationLandscapeRight";
				LD_RUNPATH_SEARCH_PATHS = (
					"$(inherited)",
					"@executable_path/Frameworks",
				);
				MARKETING_VERSION = 1.0;
				PRODUCT_BUNDLE_IDENTIFIER = gmathes.beacon;
				PRODUCT_NAME = "$(TARGET_NAME)";
				SWIFT_EMIT_LOC_STRINGS = YES;
				SWIFT_VERSION = 5.0;
				TARGETED_DEVICE_FAMILY = "1,2";
			};
			name = Debug;
		};
		C9A6D007296BC52B00093D3C /* Release */ = {
			isa = XCBuildConfiguration;
			buildSettings = {
				ASSETCATALOG_COMPILER_APPICON_NAME = AppIcon;
				ASSETCATALOG_COMPILER_GLOBAL_ACCENT_COLOR_NAME = AccentColor;
				CODE_SIGN_STYLE = Automatic;
				CURRENT_PROJECT_VERSION = 1;
				DEVELOPMENT_ASSET_PATHS = "\"beacon/Preview Content\"";
				DEVELOPMENT_TEAM = C8F6CM66KF;
				ENABLE_PREVIEWS = YES;
				GENERATE_INFOPLIST_FILE = YES;
				INFOPLIST_KEY_CFBundleDisplayName = "Beacon AR Navigator";
				INFOPLIST_KEY_NSCameraUsageDescription = "Beacon AR Navigator uses the camera to display augmented reality views showing the direction and distance to your selected destination.";
				INFOPLIST_KEY_NSLocationWhenInUseUsageDescription = "Beacon AR Navigator needs your location to calculate the distance and direction to your destination and to show your position on the map.";
				INFOPLIST_KEY_UIApplicationSupportsIndirectInputEvents = YES;
				INFOPLIST_KEY_UILaunchScreen_Generation = YES;
				INFOPLIST_KEY_UIRequiredDeviceCapabilities = arkit;
				INFOPLIST_KEY_UIStatusBarHidden = YES;
				INFOPLIST_KEY_UISupportedInterfaceOrientations_iPad = "UIInterfaceOrientationPortrait UIInterfaceOrientationPortraitUpsideDown UIInterfaceOrientationLandscapeLeft UIInterfaceOrientationLandscapeRight";
				INFOPLIST_KEY_UISupportedInterfaceOrientations_iPhone = "UIInterfaceOrientationPortrait UIInterfaceOrientationLandscapeLeft UIInterfaceOrientationLandscapeRight";
				LD_RUNPATH_SEARCH_PATHS = (
					"$(inherited)",
					"@executable_path/Frameworks",
				);
				MARKETING_VERSION = 1.0;
				PRODUCT_BUNDLE_IDENTIFIER = gmathes.beacon;
				PRODUCT_NAME = "$(TARGET_NAME)";
				SWIFT_EMIT_LOC_STRINGS = YES;
				SWIFT_VERSION = 5.0;
				TARGETED_DEVICE_FAMILY = "1,2";
			};
			name = Release;
		};
		C9A6D009296BC52B00093D3C /* Debug */ = {
			isa = XCBuildConfiguration;
			buildSettings = {
				BUNDLE_LOADER = "$(TEST_HOST)";
				CODE_SIGN_STYLE = Automatic;
				CURRENT_PROJECT_VERSION = 1;
				GENERATE_INFOPLIST_FILE = YES;
				IPHONEOS_DEPLOYMENT_TARGET = 16.2;
				MARKETING_VERSION = 1.0;
				PRODUCT_BUNDLE_IDENTIFIER = gmathes.beaconTests;
				PRODUCT_NAME = "$(TARGET_NAME)";
				SWIFT_EMIT_LOC_STRINGS = NO;
				SWIFT_VERSION = 5.0;
				TARGETED_DEVICE_FAMILY = "1,2";
				TEST_HOST = "$(BUILT_PRODUCTS_DIR)/beacon.app/$(BUNDLE_EXECUTABLE_FOLDER_PATH)/beacon";
			};
			name = Debug;
		};
		C9A6D00A296BC52B00093D3C /* Release */ = {
			isa = XCBuildConfiguration;
			buildSettings = {
				BUNDLE_LOADER = "$(TEST_HOST)";
				CODE_SIGN_STYLE = Automatic;
				CURRENT_PROJECT_VERSION = 1;
				GENERATE_INFOPLIST_FILE = YES;
				IPHONEOS_DEPLOYMENT_TARGET = 16.2;
				MARKETING_VERSION = 1.0;
				PRODUCT_BUNDLE_IDENTIFIER = gmathes.beaconTests;
				PRODUCT_NAME = "$(TARGET_NAME)";
				SWIFT_EMIT_LOC_STRINGS = NO;
				SWIFT_VERSION = 5.0;
				TARGETED_DEVICE_FAMILY = "1,2";
				TEST_HOST = "$(BUILT_PRODUCTS_DIR)/beacon.app/$(BUNDLE_EXECUTABLE_FOLDER_PATH)/beacon";
			};
			name = Release;
		};
		C9A6D00C296BC52B00093D3C /* Debug */ = {
			isa = XCBuildConfiguration;
			buildSettings = {
				CODE_SIGN_STYLE = Automatic;
				CURRENT_PROJECT_VERSION = 1;
				GENERATE_INFOPLIST_FILE = YES;
				MARKETING_VERSION = 1.0;
				PRODUCT_BUNDLE_IDENTIFIER = gmathes.beaconUITests;
				PRODUCT_NAME = "$(TARGET_NAME)";
				SWIFT_EMIT_LOC_STRINGS = NO;
				SWIFT_VERSION = 5.0;
				TARGETED_DEVICE_FAMILY = "1,2";
				TEST_TARGET_NAME = beacon;
			};
			name = Debug;
		};
		C9A6D00D296BC52B00093D3C /* Release */ = {
			isa = XCBuildConfiguration;
			buildSettings = {
				CODE_SIGN_STYLE = Automatic;
				CURRENT_PROJECT_VERSION = 1;
				GENERATE_INFOPLIST_FILE = YES;
				MARKETING_VERSION = 1.0;
				PRODUCT_BUNDLE_IDENTIFIER = gmathes.beaconUITests;
				PRODUCT_NAME = "$(TARGET_NAME)";
				SWIFT_EMIT_LOC_STRINGS = NO;
				SWIFT_VERSION = 5.0;
				TARGETED_DEVICE_FAMILY = "1,2";
				TEST_TARGET_NAME = beacon;
			};
			name = Release;
		};
/* End XCBuildConfiguration section */

/* Begin XCConfigurationList section */
		C9A6CFDA296BC52900093D3C /* Build configuration list for PBXProject "beacon" */ = {
			isa = XCConfigurationList;
			buildConfigurations = (
				C9A6D003296BC52B00093D3C /* Debug */,
				C9A6D004296BC52B00093D3C /* Release */,
			);
			defaultConfigurationIsVisible = 0;
			defaultConfigurationName = Release;
		};
		C9A6D005296BC52B00093D3C /* Build configuration list for PBXNativeTarget "beacon" */ = {
			isa = XCConfigurationList;
			buildConfigurations = (
				C9A6D006296BC52B00093D3C /* Debug */,
				C9A6D007296BC52B00093D3C /* Release */,
			);
			defaultConfigurationIsVisible = 0;
			defaultConfigurationName = Release;
		};
		C9A6D008296BC52B00093D3C /* Build configuration list for PBXNativeTarget "beaconTests" */ = {
			isa = XCConfigurationList;
			buildConfigurations = (
				C9A6D009296BC52B00093D3C /* Debug */,
				C9A6D00A296BC52B00093D3C /* Release */,
			);
			defaultConfigurationIsVisible = 0;
			defaultConfigurationName = Release;
		};
		C9A6D00B296BC52B00093D3C /* Build configuration list for PBXNativeTarget "beaconUITests" */ = {
			isa = XCConfigurationList;
			buildConfigurations = (
				C9A6D00C296BC52B00093D3C /* Debug */,
				C9A6D00D296BC52B00093D3C /* Release */,
			);
			defaultConfigurationIsVisible = 0;
			defaultConfigurationName = Release;
		};
/* End XCConfigurationList section */
	};
	rootObject = C9A6CFD7296BC52900093D3C /* Project object */;
}
